
Microsoft Visual Studio Solution File, Format Version 12.00
# Visual Studio Version 16
VisualStudioVersion = 16.0.29230.61
MinimumVisualStudioVersion = 10.0.40219.1
Project("{FAE04EC0-301F-11D3-BF4B-00C04F79EFBC}") = "Question2", "Question2\Question2.csproj", "{728478EF-D331-447C-829F-2BE4C0EF0DE9}"
EndProject
Global
	GlobalSection(SolutionConfigurationPlatforms) = preSolution
		Debug|Any CPU = Debug|Any CPU
		Release|Any CPU = Release|Any CPU
	EndGlobalSection
	GlobalSection(ProjectConfigurationPlatforms) = postSolution
		{728478EF-D331-447C-829F-2BE4C0EF0DE9}.Debug|Any CPU.ActiveCfg = Debug|Any CPU
		{728478EF-D331-447C-829F-2BE4C0EF0DE9}.Debug|Any CPU.Build.0 = Debug|Any CPU
		{728478EF-D331-447C-829F-2BE4C0EF0DE9}.Release|Any CPU.ActiveCfg = Release|Any CPU
		{728478EF-D331-447C-829F-2BE4C0EF0DE9}.Release|Any CPU.Build.0 = Release|Any CPU
	EndGlobalSection
	GlobalSection(SolutionProperties) = preSolution
		HideSolutionNode = FALSE
	EndGlobalSection
	GlobalSection(ExtensibilityGlobals) = postSolution
		SolutionGuid = {C3F4C27C-16F0-4AAB-96B5-6A64D64D600C}
	EndGlobalSection
EndGlobal
